// !$*UTF8*$!
{
	archiveVersion = 1;
	classes = {
	};
	objectVersion = 51;
	objects = {

/* Begin PBXBuildFile section */
		364CC0D42423AD0E0098D42D /* Course.swift in Sources */ = {isa = PBXBuildFile; fileRef = 364CC0D32423AD0E0098D42D /* Course.swift */; };
		365BB49E2419BDD4004A3AC3 /* koc_tanitim.mp4 in Resources */ = {isa = PBXBuildFile; fileRef = 365BB49D2419BDD3004A3AC3 /* koc_tanitim.mp4 */; };
		36B52EBB2415AA1D00F86894 /* PlanViewController.swift in Sources */ = {isa = PBXBuildFile; fileRef = 36B52EBA2415AA1D00F86894 /* PlanViewController.swift */; };
		36B52EBD2415AA3500F86894 /* HelpViewController.swift in Sources */ = {isa = PBXBuildFile; fileRef = 36B52EBC2415AA3500F86894 /* HelpViewController.swift */; };
		36B52EBF2415AA4300F86894 /* ProfileViewController.swift in Sources */ = {isa = PBXBuildFile; fileRef = 36B52EBE2415AA4300F86894 /* ProfileViewController.swift */; };
		36E66FCC24082FD40017AB05 /* SignUpViewController.swift in Sources */ = {isa = PBXBuildFile; fileRef = 36E66FCB24082FD40017AB05 /* SignUpViewController.swift */; };
		36E66FCE24082FF60017AB05 /* LoginViewController.swift in Sources */ = {isa = PBXBuildFile; fileRef = 36E66FCD24082FF60017AB05 /* LoginViewController.swift */; };
		36E66FD0240830080017AB05 /* HomeViewController.swift in Sources */ = {isa = PBXBuildFile; fileRef = 36E66FCF240830080017AB05 /* HomeViewController.swift */; };
		36E66FD524083BF50017AB05 /* Utilities.swift in Sources */ = {isa = PBXBuildFile; fileRef = 36E66FD424083BF50017AB05 /* Utilities.swift */; };
		B72E57F89CF1E0DBD5E96584 /* Pods_EasyPlaniOS.framework in Frameworks */ = {isa = PBXBuildFile; fileRef = C4BB38445171F750BAC45A22 /* Pods_EasyPlaniOS.framework */; };
		F9665826242252A700EAF683 /* GoogleService-Info.plist in Resources */ = {isa = PBXBuildFile; fileRef = F9665825242252A700EAF683 /* GoogleService-Info.plist */; };
		F9B7E4FA240816B5001C7FB1 /* AppDelegate.swift in Sources */ = {isa = PBXBuildFile; fileRef = F9B7E4F9240816B5001C7FB1 /* AppDelegate.swift */; };
		F9B7E4FC240816B5001C7FB1 /* SceneDelegate.swift in Sources */ = {isa = PBXBuildFile; fileRef = F9B7E4FB240816B5001C7FB1 /* SceneDelegate.swift */; };
		F9B7E4FE240816B5001C7FB1 /* ViewController.swift in Sources */ = {isa = PBXBuildFile; fileRef = F9B7E4FD240816B5001C7FB1 /* ViewController.swift */; };
		F9B7E501240816B5001C7FB1 /* Main.storyboard in Resources */ = {isa = PBXBuildFile; fileRef = F9B7E4FF240816B5001C7FB1 /* Main.storyboard */; };
		F9B7E503240816B8001C7FB1 /* Assets.xcassets in Resources */ = {isa = PBXBuildFile; fileRef = F9B7E502240816B8001C7FB1 /* Assets.xcassets */; };
		F9B7E506240816B8001C7FB1 /* LaunchScreen.storyboard in Resources */ = {isa = PBXBuildFile; fileRef = F9B7E504240816B8001C7FB1 /* LaunchScreen.storyboard */; };
/* End PBXBuildFile section */

/* Begin PBXFileReference section */
		364CC0D32423AD0E0098D42D /* Course.swift */ = {isa = PBXFileReference; lastKnownFileType = sourcecode.swift; path = Course.swift; sourceTree = "<group>"; };
		365BB49D2419BDD3004A3AC3 /* koc_tanitim.mp4 */ = {isa = PBXFileReference; lastKnownFileType = file; path = koc_tanitim.mp4; sourceTree = "<group>"; };
		36B52EBA2415AA1D00F86894 /* PlanViewController.swift */ = {isa = PBXFileReference; lastKnownFileType = sourcecode.swift; path = PlanViewController.swift; sourceTree = "<group>"; };
		36B52EBC2415AA3500F86894 /* HelpViewController.swift */ = {isa = PBXFileReference; lastKnownFileType = sourcecode.swift; path = HelpViewController.swift; sourceTree = "<group>"; };
		36B52EBE2415AA4300F86894 /* ProfileViewController.swift */ = {isa = PBXFileReference; lastKnownFileType = sourcecode.swift; path = ProfileViewController.swift; sourceTree = "<group>"; };
		36E66FCB24082FD40017AB05 /* SignUpViewController.swift */ = {isa = PBXFileReference; lastKnownFileType = sourcecode.swift; path = SignUpViewController.swift; sourceTree = "<group>"; };
		36E66FCD24082FF60017AB05 /* LoginViewController.swift */ = {isa = PBXFileReference; lastKnownFileType = sourcecode.swift; path = LoginViewController.swift; sourceTree = "<group>"; };
		36E66FCF240830080017AB05 /* HomeViewController.swift */ = {isa = PBXFileReference; lastKnownFileType = sourcecode.swift; path = HomeViewController.swift; sourceTree = "<group>"; };
		36E66FD424083BF50017AB05 /* Utilities.swift */ = {isa = PBXFileReference; fileEncoding = 4; lastKnownFileType = sourcecode.swift; path = Utilities.swift; sourceTree = "<group>"; };
		7601DBCF024805CF248DE346 /* Pods-EasyPlaniOS.release.xcconfig */ = {isa = PBXFileReference; includeInIndex = 1; lastKnownFileType = text.xcconfig; name = "Pods-EasyPlaniOS.release.xcconfig"; path = "Target Support Files/Pods-EasyPlaniOS/Pods-EasyPlaniOS.release.xcconfig"; sourceTree = "<group>"; };
		AC42B5AF5B8E6B4FCAA78024 /* Pods-EasyPlaniOS.debug.xcconfig */ = {isa = PBXFileReference; includeInIndex = 1; lastKnownFileType = text.xcconfig; name = "Pods-EasyPlaniOS.debug.xcconfig"; path = "Target Support Files/Pods-EasyPlaniOS/Pods-EasyPlaniOS.debug.xcconfig"; sourceTree = "<group>"; };
		C4BB38445171F750BAC45A22 /* Pods_EasyPlaniOS.framework */ = {isa = PBXFileReference; explicitFileType = wrapper.framework; includeInIndex = 0; path = Pods_EasyPlaniOS.framework; sourceTree = BUILT_PRODUCTS_DIR; };
		F9665825242252A700EAF683 /* GoogleService-Info.plist */ = {isa = PBXFileReference; fileEncoding = 4; lastKnownFileType = text.plist.xml; path = "GoogleService-Info.plist"; sourceTree = "<group>"; };
		F9B7E4F6240816B5001C7FB1 /* EasyPlaniOS.app */ = {isa = PBXFileReference; explicitFileType = wrapper.application; includeInIndex = 0; path = EasyPlaniOS.app; sourceTree = BUILT_PRODUCTS_DIR; };
		F9B7E4F9240816B5001C7FB1 /* AppDelegate.swift */ = {isa = PBXFileReference; lastKnownFileType = sourcecode.swift; path = AppDelegate.swift; sourceTree = "<group>"; };
		F9B7E4FB240816B5001C7FB1 /* SceneDelegate.swift */ = {isa = PBXFileReference; lastKnownFileType = sourcecode.swift; path = SceneDelegate.swift; sourceTree = "<group>"; };
		F9B7E4FD240816B5001C7FB1 /* ViewController.swift */ = {isa = PBXFileReference; lastKnownFileType = sourcecode.swift; path = ViewController.swift; sourceTree = "<group>"; };
		F9B7E500240816B5001C7FB1 /* Base */ = {isa = PBXFileReference; lastKnownFileType = file.storyboard; name = Base; path = Base.lproj/Main.storyboard; sourceTree = "<group>"; };
		F9B7E502240816B8001C7FB1 /* Assets.xcassets */ = {isa = PBXFileReference; lastKnownFileType = folder.assetcatalog; path = Assets.xcassets; sourceTree = "<group>"; };
		F9B7E505240816B8001C7FB1 /* Base */ = {isa = PBXFileReference; lastKnownFileType = file.storyboard; name = Base; path = Base.lproj/LaunchScreen.storyboard; sourceTree = "<group>"; };
		F9B7E507240816B8001C7FB1 /* Info.plist */ = {isa = PBXFileReference; lastKnownFileType = text.plist.xml; path = Info.plist; sourceTree = "<group>"; };
/* End PBXFileReference section */

/* Begin PBXFrameworksBuildPhase section */
		F9B7E4F3240816B5001C7FB1 /* Frameworks */ = {
			isa = PBXFrameworksBuildPhase;
			buildActionMask = 2147483647;
			files = (
				B72E57F89CF1E0DBD5E96584 /* Pods_EasyPlaniOS.framework in Frameworks */,
			);
			runOnlyForDeploymentPostprocessing = 0;
		};
/* End PBXFrameworksBuildPhase section */

/* Begin PBXGroup section */
		362C1885240BE97800A55368 /* Media */ = {
			isa = PBXGroup;
			children = (
				365BB49D2419BDD3004A3AC3 /* koc_tanitim.mp4 */,
			);
			path = Media;
			sourceTree = "<group>";
		};
		364CC0D22423ACF00098D42D /* Model */ = {
			isa = PBXGroup;
			children = (
				364CC0D32423AD0E0098D42D /* Course.swift */,
			);
			path = Model;
			sourceTree = "<group>";
		};
		36E66FCA24082F9E0017AB05 /* ViewControllers */ = {
			isa = PBXGroup;
			children = (
				F9B7E4FD240816B5001C7FB1 /* ViewController.swift */,
				36E66FCB24082FD40017AB05 /* SignUpViewController.swift */,
				36E66FCD24082FF60017AB05 /* LoginViewController.swift */,
				36E66FCF240830080017AB05 /* HomeViewController.swift */,
				36B52EBA2415AA1D00F86894 /* PlanViewController.swift */,
				36B52EBC2415AA3500F86894 /* HelpViewController.swift */,
				36B52EBE2415AA4300F86894 /* ProfileViewController.swift */,
			);
			path = ViewControllers;
			sourceTree = "<group>";
		};
		36E66FD124083B030017AB05 /* Helpers */ = {
			isa = PBXGroup;
			children = (
				36E66FD424083BF50017AB05 /* Utilities.swift */,
			);
			path = Helpers;
			sourceTree = "<group>";
		};
		3B897DB5E4D30B1E8C3E3B53 /* Frameworks */ = {
			isa = PBXGroup;
			children = (
				C4BB38445171F750BAC45A22 /* Pods_EasyPlaniOS.framework */,
			);
			name = Frameworks;
			sourceTree = "<group>";
		};
		BDCBC4B9346A9EF4B07B75EE /* Pods */ = {
			isa = PBXGroup;
			children = (
				AC42B5AF5B8E6B4FCAA78024 /* Pods-EasyPlaniOS.debug.xcconfig */,
				7601DBCF024805CF248DE346 /* Pods-EasyPlaniOS.release.xcconfig */,
			);
			path = Pods;
			sourceTree = "<group>";
		};
		F9B7E4ED240816B5001C7FB1 = {
			isa = PBXGroup;
			children = (
				F9B7E4F8240816B5001C7FB1 /* EasyPlaniOS */,
				F9B7E4F7240816B5001C7FB1 /* Products */,
				BDCBC4B9346A9EF4B07B75EE /* Pods */,
				3B897DB5E4D30B1E8C3E3B53 /* Frameworks */,
			);
			sourceTree = "<group>";
		};
		F9B7E4F7240816B5001C7FB1 /* Products */ = {
			isa = PBXGroup;
			children = (
				F9B7E4F6240816B5001C7FB1 /* EasyPlaniOS.app */,
			);
			name = Products;
			sourceTree = "<group>";
		};
		F9B7E4F8240816B5001C7FB1 /* EasyPlaniOS */ = {
			isa = PBXGroup;
			children = (
				362C1885240BE97800A55368 /* Media */,
				36E66FD124083B030017AB05 /* Helpers */,
				364CC0D22423ACF00098D42D /* Model */,
				36E66FCA24082F9E0017AB05 /* ViewControllers */,
				F9B7E4F9240816B5001C7FB1 /* AppDelegate.swift */,
				F9B7E4FB240816B5001C7FB1 /* SceneDelegate.swift */,
				F9B7E4FF240816B5001C7FB1 /* Main.storyboard */,
				F9B7E502240816B8001C7FB1 /* Assets.xcassets */,
				F9B7E504240816B8001C7FB1 /* LaunchScreen.storyboard */,
				F9B7E507240816B8001C7FB1 /* Info.plist */,
				F9665825242252A700EAF683 /* GoogleService-Info.plist */,
			);
			path = EasyPlaniOS;
			sourceTree = "<group>";
		};
/* End PBXGroup section */

/* Begin PBXNativeTarget section */
		F9B7E4F5240816B5001C7FB1 /* EasyPlaniOS */ = {
			isa = PBXNativeTarget;
			buildConfigurationList = F9B7E50A240816B8001C7FB1 /* Build configuration list for PBXNativeTarget "EasyPlaniOS" */;
			buildPhases = (
				137700447059C536297C94E6 /* [CP] Check Pods Manifest.lock */,
				F9B7E4F2240816B5001C7FB1 /* Sources */,
				F9B7E4F3240816B5001C7FB1 /* Frameworks */,
				F9B7E4F4240816B5001C7FB1 /* Resources */,
				A292CC816F8B60C07DA94DC2 /* [CP] Embed Pods Frameworks */,
				2FD835701F77EE8EEACEC28B /* [CP] Copy Pods Resources */,
			);
			buildRules = (
			);
			dependencies = (
			);
			name = EasyPlaniOS;
			productName = EasyPlaniOS;
			productReference = F9B7E4F6240816B5001C7FB1 /* EasyPlaniOS.app */;
			productType = "com.apple.product-type.application";
		};
/* End PBXNativeTarget section */

/* Begin PBXProject section */
		F9B7E4EE240816B5001C7FB1 /* Project object */ = {
			isa = PBXProject;
			attributes = {
				LastSwiftUpdateCheck = 1130;
				LastUpgradeCheck = 1130;
				ORGANIZATIONNAME = "Easy Plan";
				TargetAttributes = {
					F9B7E4F5240816B5001C7FB1 = {
						CreatedOnToolsVersion = 11.3.1;
					};
				};
			};
			buildConfigurationList = F9B7E4F1240816B5001C7FB1 /* Build configuration list for PBXProject "EasyPlaniOS" */;
			compatibilityVersion = "Xcode 9.3";
			developmentRegion = en;
			hasScannedForEncodings = 0;
			knownRegions = (
				en,
				Base,
			);
			mainGroup = F9B7E4ED240816B5001C7FB1;
			productRefGroup = F9B7E4F7240816B5001C7FB1 /* Products */;
			projectDirPath = "";
			projectRoot = "";
			targets = (
				F9B7E4F5240816B5001C7FB1 /* EasyPlaniOS */,
			);
		};
/* End PBXProject section */

/* Begin PBXResourcesBuildPhase section */
		F9B7E4F4240816B5001C7FB1 /* Resources */ = {
			isa = PBXResourcesBuildPhase;
			buildActionMask = 2147483647;
			files = (
				F9B7E506240816B8001C7FB1 /* LaunchScreen.storyboard in Resources */,
				365BB49E2419BDD4004A3AC3 /* koc_tanitim.mp4 in Resources */,
				F9665826242252A700EAF683 /* GoogleService-Info.plist in Resources */,
				F9B7E503240816B8001C7FB1 /* Assets.xcassets in Resources */,
				F9B7E501240816B5001C7FB1 /* Main.storyboard in Resources */,
			);
			runOnlyForDeploymentPostprocessing = 0;
		};
/* End PBXResourcesBuildPhase section */

/* Begin PBXShellScriptBuildPhase section */
		137700447059C536297C94E6 /* [CP] Check Pods Manifest.lock */ = {
			isa = PBXShellScriptBuildPhase;
			buildActionMask = 2147483647;
			files = (
			);
			inputFileListPaths = (
			);
			inputPaths = (
				"${PODS_PODFILE_DIR_PATH}/Podfile.lock",
				"${PODS_ROOT}/Manifest.lock",
			);
			name = "[CP] Check Pods Manifest.lock";
			outputFileListPaths = (
			);
			outputPaths = (
				"$(DERIVED_FILE_DIR)/Pods-EasyPlaniOS-checkManifestLockResult.txt",
			);
			runOnlyForDeploymentPostprocessing = 0;
			shellPath = /bin/sh;
			shellScript = "diff \"${PODS_PODFILE_DIR_PATH}/Podfile.lock\" \"${PODS_ROOT}/Manifest.lock\" > /dev/null\nif [ $? != 0 ] ; then\n    # print error to STDERR\n    echo \"error: The sandbox is not in sync with the Podfile.lock. Run 'pod install' or update your CocoaPods installation.\" >&2\n    exit 1\nfi\n# This output is used by Xcode 'outputs' to avoid re-running this script phase.\necho \"SUCCESS\" > \"${SCRIPT_OUTPUT_FILE_0}\"\n";
			showEnvVarsInLog = 0;
		};
		2FD835701F77EE8EEACEC28B /* [CP] Copy Pods Resources */ = {
			isa = PBXShellScriptBuildPhase;
			buildActionMask = 2147483647;
			files = (
			);
			inputFileListPaths = (
				"${PODS_ROOT}/Target Support Files/Pods-EasyPlaniOS/Pods-EasyPlaniOS-resources-${CONFIGURATION}-input-files.xcfilelist",
			);
			name = "[CP] Copy Pods Resources";
			outputFileListPaths = (
				"${PODS_ROOT}/Target Support Files/Pods-EasyPlaniOS/Pods-EasyPlaniOS-resources-${CONFIGURATION}-output-files.xcfilelist",
			);
			runOnlyForDeploymentPostprocessing = 0;
			shellPath = /bin/sh;
			shellScript = "\"${PODS_ROOT}/Target Support Files/Pods-EasyPlaniOS/Pods-EasyPlaniOS-resources.sh\"\n";
			showEnvVarsInLog = 0;
		};
		A292CC816F8B60C07DA94DC2 /* [CP] Embed Pods Frameworks */ = {
			isa = PBXShellScriptBuildPhase;
			buildActionMask = 2147483647;
			files = (
			);
			inputFileListPaths = (
				"${PODS_ROOT}/Target Support Files/Pods-EasyPlaniOS/Pods-EasyPlaniOS-frameworks-${CONFIGURATION}-input-files.xcfilelist",
			);
			name = "[CP] Embed Pods Frameworks";
			outputFileListPaths = (
				"${PODS_ROOT}/Target Support Files/Pods-EasyPlaniOS/Pods-EasyPlaniOS-frameworks-${CONFIGURATION}-output-files.xcfilelist",
			);
			runOnlyForDeploymentPostprocessing = 0;
			shellPath = /bin/sh;
			shellScript = "\"${PODS_ROOT}/Target Support Files/Pods-EasyPlaniOS/Pods-EasyPlaniOS-frameworks.sh\"\n";
			showEnvVarsInLog = 0;
		};
/* End PBXShellScriptBuildPhase section */

/* Begin PBXSourcesBuildPhase section */
		F9B7E4F2240816B5001C7FB1 /* Sources */ = {
			isa = PBXSourcesBuildPhase;
			buildActionMask = 2147483647;
			files = (
				F9B7E4FE240816B5001C7FB1 /* ViewController.swift in Sources */,
				364CC0D42423AD0E0098D42D /* Course.swift in Sources */,
				F9B7E4FA240816B5001C7FB1 /* AppDelegate.swift in Sources */,
				36B52EBF2415AA4300F86894 /* ProfileViewController.swift in Sources */,
				36E66FD524083BF50017AB05 /* Utilities.swift in Sources */,
				36E66FCC24082FD40017AB05 /* SignUpViewController.swift in Sources */,
				36B52EBD2415AA3500F86894 /* HelpViewController.swift in Sources */,
				36E66FCE24082FF60017AB05 /* LoginViewController.swift in Sources */,
				36B52EBB2415AA1D00F86894 /* PlanViewController.swift in Sources */,
				F9B7E4FC240816B5001C7FB1 /* SceneDelegate.swift in Sources */,
				36E66FD0240830080017AB05 /* HomeViewController.swift in Sources */,
			);
			runOnlyForDeploymentPostprocessing = 0;
		};
/* End PBXSourcesBuildPhase section */

/* Begin PBXVariantGroup section */
		F9B7E4FF240816B5001C7FB1 /* Main.storyboard */ = {
			isa = PBXVariantGroup;
			children = (
				F9B7E500240816B5001C7FB1 /* Base */,
			);
			name = Main.storyboard;
			sourceTree = "<group>";
		};
		F9B7E504240816B8001C7FB1 /* LaunchScreen.storyboard */ = {
			isa = PBXVariantGroup;
			children = (
				F9B7E505240816B8001C7FB1 /* Base */,
			);
			name = LaunchScreen.storyboard;
			sourceTree = "<group>";
		};
/* End PBXVariantGroup section */

/* Begin XCBuildConfiguration section */
		F9B7E508240816B8001C7FB1 /* Debug */ = {
			isa = XCBuildConfiguration;
			buildSettings = {
				ALWAYS_SEARCH_USER_PATHS = NO;
				CLANG_ANALYZER_NONNULL = YES;
				CLANG_ANALYZER_NUMBER_OBJECT_CONVERSION = YES_AGGRESSIVE;
				CLANG_CXX_LANGUAGE_STANDARD = "gnu++14";
				CLANG_CXX_LIBRARY = "libc++";
				CLANG_ENABLE_MODULES = YES;
				CLANG_ENABLE_OBJC_ARC = YES;
				CLANG_ENABLE_OBJC_WEAK = YES;
				CLANG_WARN_BLOCK_CAPTURE_AUTORELEASING = YES;
				CLANG_WARN_BOOL_CONVERSION = YES;
				CLANG_WARN_COMMA = YES;
				CLANG_WARN_CONSTANT_CONVERSION = YES;
				CLANG_WARN_DEPRECATED_OBJC_IMPLEMENTATIONS = YES;
				CLANG_WARN_DIRECT_OBJC_ISA_USAGE = YES_ERROR;
				CLANG_WARN_DOCUMENTATION_COMMENTS = YES;
				CLANG_WARN_EMPTY_BODY = YES;
				CLANG_WARN_ENUM_CONVERSION = YES;
				CLANG_WARN_INFINITE_RECURSION = YES;
				CLANG_WARN_INT_CONVERSION = YES;
				CLANG_WARN_NON_LITERAL_NULL_CONVERSION = YES;
				CLANG_WARN_OBJC_IMPLICIT_RETAIN_SELF = YES;
				CLANG_WARN_OBJC_LITERAL_CONVERSION = YES;
				CLANG_WARN_OBJC_ROOT_CLASS = YES_ERROR;
				CLANG_WARN_RANGE_LOOP_ANALYSIS = YES;
				CLANG_WARN_STRICT_PROTOTYPES = YES;
				CLANG_WARN_SUSPICIOUS_MOVE = YES;
				CLANG_WARN_UNGUARDED_AVAILABILITY = YES_AGGRESSIVE;
				CLANG_WARN_UNREACHABLE_CODE = YES;
				CLANG_WARN__DUPLICATE_METHOD_MATCH = YES;
				COPY_PHASE_STRIP = NO;
				DEBUG_INFORMATION_FORMAT = dwarf;
				ENABLE_STRICT_OBJC_MSGSEND = YES;
				ENABLE_TESTABILITY = YES;
				GCC_C_LANGUAGE_STANDARD = gnu11;
				GCC_DYNAMIC_NO_PIC = NO;
				GCC_NO_COMMON_BLOCKS = YES;
				GCC_OPTIMIZATION_LEVEL = 0;
				GCC_PREPROCESSOR_DEFINITIONS = (
					"DEBUG=1",
					"$(inherited)",
				);
				GCC_WARN_64_TO_32_BIT_CONVERSION = YES;
				GCC_WARN_ABOUT_RETURN_TYPE = YES_ERROR;
				GCC_WARN_UNDECLARED_SELECTOR = YES;
				GCC_WARN_UNINITIALIZED_AUTOS = YES_AGGRESSIVE;
				GCC_WARN_UNUSED_FUNCTION = YES;
				GCC_WARN_UNUSED_VARIABLE = YES;
				IPHONEOS_DEPLOYMENT_TARGET = 13.2;
				MTL_ENABLE_DEBUG_INFO = INCLUDE_SOURCE;
				MTL_FAST_MATH = YES;
				ONLY_ACTIVE_ARCH = YES;
				SDKROOT = iphoneos;
				SWIFT_ACTIVE_COMPILATION_CONDITIONS = DEBUG;
				SWIFT_OPTIMIZATION_LEVEL = "-Onone";
			};
			name = Debug;
		};
		F9B7E509240816B8001C7FB1 /* Release */ = {
			isa = XCBuildConfiguration;
			buildSettings = {
				ALWAYS_SEARCH_USER_PATHS = NO;
				CLANG_ANALYZER_NONNULL = YES;
				CLANG_ANALYZER_NUMBER_OBJECT_CONVERSION = YES_AGGRESSIVE;
				CLANG_CXX_LANGUAGE_STANDARD = "gnu++14";
				CLANG_CXX_LIBRARY = "libc++";
				CLANG_ENABLE_MODULES = YES;
				CLANG_ENABLE_OBJC_ARC = YES;
				CLANG_ENABLE_OBJC_WEAK = YES;
				CLANG_WARN_BLOCK_CAPTURE_AUTORELEASING = YES;
				CLANG_WARN_BOOL_CONVERSION = YES;
				CLANG_WARN_COMMA = YES;
				CLANG_WARN_CONSTANT_CONVERSION = YES;
				CLANG_WARN_DEPRECATED_OBJC_IMPLEMENTATIONS = YES;
				CLANG_WARN_DIRECT_OBJC_ISA_USAGE = YES_ERROR;
				CLANG_WARN_DOCUMENTATION_COMMENTS = YES;
				CLANG_WARN_EMPTY_BODY = YES;
				CLANG_WARN_ENUM_CONVERSION = YES;
				CLANG_WARN_INFINITE_RECURSION = YES;
				CLANG_WARN_INT_CONVERSION = YES;
				CLANG_WARN_NON_LITERAL_NULL_CONVERSION = YES;
				CLANG_WARN_OBJC_IMPLICIT_RETAIN_SELF = YES;
				CLANG_WARN_OBJC_LITERAL_CONVERSION = YES;
				CLANG_WARN_OBJC_ROOT_CLASS = YES_ERROR;
				CLANG_WARN_RANGE_LOOP_ANALYSIS = YES;
				CLANG_WARN_STRICT_PROTOTYPES = YES;
				CLANG_WARN_SUSPICIOUS_MOVE = YES;
				CLANG_WARN_UNGUARDED_AVAILABILITY = YES_AGGRESSIVE;
				CLANG_WARN_UNREACHABLE_CODE = YES;
				CLANG_WARN__DUPLICATE_METHOD_MATCH = YES;
				COPY_PHASE_STRIP = NO;
				DEBUG_INFORMATION_FORMAT = "dwarf-with-dsym";
				ENABLE_NS_ASSERTIONS = NO;
				ENABLE_STRICT_OBJC_MSGSEND = YES;
				GCC_C_LANGUAGE_STANDARD = gnu11;
				GCC_NO_COMMON_BLOCKS = YES;
				GCC_WARN_64_TO_32_BIT_CONVERSION = YES;
				GCC_WARN_ABOUT_RETURN_TYPE = YES_ERROR;
				GCC_WARN_UNDECLARED_SELECTOR = YES;
				GCC_WARN_UNINITIALIZED_AUTOS = YES_AGGRESSIVE;
				GCC_WARN_UNUSED_FUNCTION = YES;
				GCC_WARN_UNUSED_VARIABLE = YES;
				IPHONEOS_DEPLOYMENT_TARGET = 13.2;
				MTL_ENABLE_DEBUG_INFO = NO;
				MTL_FAST_MATH = YES;
				SDKROOT = iphoneos;
				SWIFT_COMPILATION_MODE = wholemodule;
				SWIFT_OPTIMIZATION_LEVEL = "-O";
				VALIDATE_PRODUCT = YES;
			};
			name = Release;
		};
		F9B7E50B240816B8001C7FB1 /* Debug */ = {
			isa = XCBuildConfiguration;
			baseConfigurationReference = AC42B5AF5B8E6B4FCAA78024 /* Pods-EasyPlaniOS.debug.xcconfig */;
			buildSettings = {
				ASSETCATALOG_COMPILER_APPICON_NAME = AppIcon;
				CODE_SIGN_STYLE = Automatic;
				DEVELOPMENT_TEAM = R4A8L9UTY2;
				INFOPLIST_FILE = EasyPlaniOS/Info.plist;
				IPHONEOS_DEPLOYMENT_TARGET = 13.0;
				LD_RUNPATH_SEARCH_PATHS = (
					"$(inherited)",
					"@executable_path/Frameworks",
				);
				PRODUCT_BUNDLE_IDENTIFIER = CStudy.EasyPlaniOS;
				PRODUCT_NAME = "$(TARGET_NAME)";
				SWIFT_VERSION = 5.0;
				TARGETED_DEVICE_FAMILY = "1,2";
			};
			name = Debug;
		};
		F9B7E50C240816B8001C7FB1 /* Release */ = {
			isa = XCBuildConfiguration;
			baseConfigurationReference = 7601DBCF024805CF248DE346 /* Pods-EasyPlaniOS.release.xcconfig */;
			buildSettings = {
				ASSETCATALOG_COMPILER_APPICON_NAME = AppIcon;
				CODE_SIGN_STYLE = Automatic;
				DEVELOPMENT_TEAM = R4A8L9UTY2;
				INFOPLIST_FILE = EasyPlaniOS/Info.plist;
				IPHONEOS_DEPLOYMENT_TARGET = 13.0;
				LD_RUNPATH_SEARCH_PATHS = (
					"$(inherited)",
					"@executable_path/Frameworks",
				);
				PRODUCT_BUNDLE_IDENTIFIER = CStudy.EasyPlaniOS;
				PRODUCT_NAME = "$(TARGET_NAME)";
				SWIFT_VERSION = 5.0;
				TARGETED_DEVICE_FAMILY = "1,2";
			};
			name = Release;
		};
/* End XCBuildConfiguration section */

/* Begin XCConfigurationList section */
		F9B7E4F1240816B5001C7FB1 /* Build configuration list for PBXProject "EasyPlaniOS" */ = {
			isa = XCConfigurationList;
			buildConfigurations = (
				F9B7E508240816B8001C7FB1 /* Debug */,
				F9B7E509240816B8001C7FB1 /* Release */,
			);
			defaultConfigurationIsVisible = 0;
			defaultConfigurationName = Release;
		};
		F9B7E50A240816B8001C7FB1 /* Build configuration list for PBXNativeTarget "EasyPlaniOS" */ = {
			isa = XCConfigurationList;
			buildConfigurations = (
				F9B7E50B240816B8001C7FB1 /* Debug */,
				F9B7E50C240816B8001C7FB1 /* Release */,
			);
			defaultConfigurationIsVisible = 0;
			defaultConfigurationName = Release;
		};
/* End XCConfigurationList section */
	};
	rootObject = F9B7E4EE240816B5001C7FB1 /* Project object */;
}
